
Microsoft Visual Studio Solution File, Format Version 12.00
# Visual Studio Version 17
VisualStudioVersion = 17.6.33815.320
MinimumVisualStudioVersion = 10.0.40219.1
Project("{FAE04EC0-301F-11D3-BF4B-00C04F79EFBC}") = "ST10109482_Prog2B", "ST10109482_Prog2B\ST10109482_Prog2B.csproj", "{331CDDA3-3A2D-4DA3-A291-26B3E0936C5F}"
EndProject
Global
	GlobalSection(SolutionConfigurationPlatforms) = preSolution
		Debug|Any CPU = Debug|Any CPU
		Release|Any CPU = Release|Any CPU
	EndGlobalSection
	GlobalSection(ProjectConfigurationPlatforms) = postSolution
		{331CDDA3-3A2D-4DA3-A291-26B3E0936C5F}.Debug|Any CPU.ActiveCfg = Debug|Any CPU
		{331CDDA3-3A2D-4DA3-A291-26B3E0936C5F}.Debug|Any CPU.Build.0 = Debug|Any CPU
		{331CDDA3-3A2D-4DA3-A291-26B3E0936C5F}.Release|Any CPU.ActiveCfg = Release|Any CPU
		{331CDDA3-3A2D-4DA3-A291-26B3E0936C5F}.Release|Any CPU.Build.0 = Release|Any CPU
	EndGlobalSection
	GlobalSection(SolutionProperties) = preSolution
		HideSolutionNode = FALSE
	EndGlobalSection
	GlobalSection(ExtensibilityGlobals) = postSolution
		SolutionGuid = {EEA74271-35D2-4634-BD9B-EE61126D905B}
	EndGlobalSection
EndGlobal
